
Microsoft Visual Studio Solution File, Format Version 12.00
# Visual Studio Version 17
VisualStudioVersion = 17.2.32516.85
MinimumVisualStudioVersion = 10.0.40219.1
Project("{FAE04EC0-301F-11D3-BF4B-00C04F79EFBC}") = "ShitiSpoofer", "ShitiSpoofer!\ShitiSpoofer.csproj", "{340E31A7-8CF3-4B31-A4AF-F824AFB3A683}"
EndProject
Global
	GlobalSection(SolutionConfigurationPlatforms) = preSolution
		Debug|Any CPU = Debug|Any CPU
		Release|Any CPU = Release|Any CPU
	EndGlobalSection
	GlobalSection(ProjectConfigurationPlatforms) = postSolution
		{340E31A7-8CF3-4B31-A4AF-F824AFB3A683}.Debug|Any CPU.ActiveCfg = Debug|Any CPU
		{340E31A7-8CF3-4B31-A4AF-F824AFB3A683}.Debug|Any CPU.Build.0 = Debug|Any CPU
		{340E31A7-8CF3-4B31-A4AF-F824AFB3A683}.Release|Any CPU.ActiveCfg = Release|Any CPU
		{340E31A7-8CF3-4B31-A4AF-F824AFB3A683}.Release|Any CPU.Build.0 = Release|Any CPU
	EndGlobalSection
	GlobalSection(SolutionProperties) = preSolution
		HideSolutionNode = FALSE
	EndGlobalSection
	GlobalSection(ExtensibilityGlobals) = postSolution
		SolutionGuid = {F6E3983B-A6BD-479B-9460-B4709D075BC9}
	EndGlobalSection
EndGlobal
